
Microsoft Visual Studio Solution File, Format Version 12.00
# Visual Studio Version 18
VisualStudioVersion = 18.0.11123.170 d18.0
MinimumVisualStudioVersion = 10.0.40219.1
Project("{FAE04EC0-301F-11D3-BF4B-00C04F79EFBC}") = "Roachagram.Web", "Roachagram.Web\Roachagram.Web.csproj", "{C5858E8B-7FED-491B-9CAB-C41B7EDD4279}"
EndProject
Global
	GlobalSection(SolutionConfigurationPlatforms) = preSolution
		Debug|Any CPU = Debug|Any CPU
		Release|Any CPU = Release|Any CPU
	EndGlobalSection
	GlobalSection(ProjectConfigurationPlatforms) = postSolution
		{C5858E8B-7FED-491B-9CAB-C41B7EDD4279}.Debug|Any CPU.ActiveCfg = Debug|Any CPU
		{C5858E8B-7FED-491B-9CAB-C41B7EDD4279}.Debug|Any CPU.Build.0 = Debug|Any CPU
		{C5858E8B-7FED-491B-9CAB-C41B7EDD4279}.Release|Any CPU.ActiveCfg = Release|Any CPU
		{C5858E8B-7FED-491B-9CAB-C41B7EDD4279}.Release|Any CPU.Build.0 = Release|Any CPU
	EndGlobalSection
	GlobalSection(SolutionProperties) = preSolution
		HideSolutionNode = FALSE
	EndGlobalSection
	GlobalSection(ExtensibilityGlobals) = postSolution
		SolutionGuid = {E3E41BDA-3077-4166-A275-FAE2ECAB81B8}
	EndGlobalSection
EndGlobal
